{
  "requires": true,
  "lockfileVersion": 1,
  "dependencies": {
    "nginxparser": {
      "version": "2.1.0",
      "resolved": "https://registry.npmjs.org/nginxparser/-/nginxparser-2.1.0.tgz",
      "integrity": "sha512-3y4yEuZY3+0xjJXovwqMMYcDGs0y6hVPyqSVK22CYrl+lfdLdYsbUsWBhzPYitleVAyzNWKRBhJOKGF+hfmhPA=="
    }
  }
}
